
Microsoft Visual Studio Solution File, Format Version 12.00
# Visual Studio Version 16
VisualStudioVersion = 16.0.28803.352
MinimumVisualStudioVersion = 10.0.40219.1
Project("{9A19103F-16F7-4668-BE54-9A1E7A4F7556}") = "FlowRx.Tests", "FlowRx.Tests\FlowRx.Tests.csproj", "{8774AA82-BC98-4E9D-92A1-27E43540CA09}"
EndProject
Project("{9A19103F-16F7-4668-BE54-9A1E7A4F7556}") = "FlowRx", "FlowRx\FlowRx.csproj", "{198A76E9-F29C-4594-A8D3-32EA0FCBAEF1}"
EndProject
Project("{9A19103F-16F7-4668-BE54-9A1E7A4F7556}") = "FlowRx.Dynamic", "FlowRx.Dynamic\FlowRx.Dynamic.csproj", "{5858DBD3-542B-4BCB-9BD8-523B0A55F36E}"
EndProject
Project("{FAE04EC0-301F-11D3-BF4B-00C04F79EFBC}") = "FlowRx.Dynamic.Tests", "FlowRx.Dynamic.Tests\FlowRx.Dynamic.Tests.csproj", "{A5936259-D26A-4EE3-9F60-0CBB2E8DDC17}"
EndProject
Global
	GlobalSection(SolutionConfigurationPlatforms) = preSolution
		Debug|Any CPU = Debug|Any CPU
		Release|Any CPU = Release|Any CPU
	EndGlobalSection
	GlobalSection(ProjectConfigurationPlatforms) = postSolution
		{8774AA82-BC98-4E9D-92A1-27E43540CA09}.Debug|Any CPU.ActiveCfg = Debug|Any CPU
		{8774AA82-BC98-4E9D-92A1-27E43540CA09}.Debug|Any CPU.Build.0 = Debug|Any CPU
		{8774AA82-BC98-4E9D-92A1-27E43540CA09}.Release|Any CPU.ActiveCfg = Release|Any CPU
		{8774AA82-BC98-4E9D-92A1-27E43540CA09}.Release|Any CPU.Build.0 = Release|Any CPU
		{198A76E9-F29C-4594-A8D3-32EA0FCBAEF1}.Debug|Any CPU.ActiveCfg = Debug|Any CPU
		{198A76E9-F29C-4594-A8D3-32EA0FCBAEF1}.Debug|Any CPU.Build.0 = Debug|Any CPU
		{198A76E9-F29C-4594-A8D3-32EA0FCBAEF1}.Release|Any CPU.ActiveCfg = Release|Any CPU
		{198A76E9-F29C-4594-A8D3-32EA0FCBAEF1}.Release|Any CPU.Build.0 = Release|Any CPU
		{5858DBD3-542B-4BCB-9BD8-523B0A55F36E}.Debug|Any CPU.ActiveCfg = Debug|Any CPU
		{5858DBD3-542B-4BCB-9BD8-523B0A55F36E}.Debug|Any CPU.Build.0 = Debug|Any CPU
		{5858DBD3-542B-4BCB-9BD8-523B0A55F36E}.Release|Any CPU.ActiveCfg = Release|Any CPU
		{5858DBD3-542B-4BCB-9BD8-523B0A55F36E}.Release|Any CPU.Build.0 = Release|Any CPU
		{A5936259-D26A-4EE3-9F60-0CBB2E8DDC17}.Debug|Any CPU.ActiveCfg = Debug|Any CPU
		{A5936259-D26A-4EE3-9F60-0CBB2E8DDC17}.Debug|Any CPU.Build.0 = Debug|Any CPU
		{A5936259-D26A-4EE3-9F60-0CBB2E8DDC17}.Release|Any CPU.ActiveCfg = Release|Any CPU
		{A5936259-D26A-4EE3-9F60-0CBB2E8DDC17}.Release|Any CPU.Build.0 = Release|Any CPU
	EndGlobalSection
	GlobalSection(SolutionProperties) = preSolution
		HideSolutionNode = FALSE
	EndGlobalSection
	GlobalSection(ExtensibilityGlobals) = postSolution
		SolutionGuid = {406566D2-0D26-4BDF-BB8B-A2607D8CB236}
	EndGlobalSection
EndGlobal
